
Microsoft Visual Studio Solution File, Format Version 12.00
# Visual Studio Version 16
VisualStudioVersion = 16.0.30104.148
MinimumVisualStudioVersion = 10.0.40219.1
Project("{FAE04EC0-301F-11D3-BF4B-00C04F79EFBC}") = "DiErGeApi", "DiErGeApi\DiErGeApi.csproj", "{EEB90B55-C2BD-4B77-9A49-6D18BA35CEE2}"
EndProject
Global
	GlobalSection(SolutionConfigurationPlatforms) = preSolution
		Debug|Any CPU = Debug|Any CPU
		Release|Any CPU = Release|Any CPU
	EndGlobalSection
	GlobalSection(ProjectConfigurationPlatforms) = postSolution
		{EEB90B55-C2BD-4B77-9A49-6D18BA35CEE2}.Debug|Any CPU.ActiveCfg = Debug|Any CPU
		{EEB90B55-C2BD-4B77-9A49-6D18BA35CEE2}.Debug|Any CPU.Build.0 = Debug|Any CPU
		{EEB90B55-C2BD-4B77-9A49-6D18BA35CEE2}.Release|Any CPU.ActiveCfg = Release|Any CPU
		{EEB90B55-C2BD-4B77-9A49-6D18BA35CEE2}.Release|Any CPU.Build.0 = Release|Any CPU
	EndGlobalSection
	GlobalSection(SolutionProperties) = preSolution
		HideSolutionNode = FALSE
	EndGlobalSection
	GlobalSection(ExtensibilityGlobals) = postSolution
		SolutionGuid = {629025BF-85B1-45DF-8AB8-A4804F416F73}
	EndGlobalSection
EndGlobal
